
Microsoft Visual Studio Solution File, Format Version 12.00
# Visual Studio Version 16
VisualStudioVersion = 16.0.31321.278
MinimumVisualStudioVersion = 10.0.40219.1
Project("{FAE04EC0-301F-11D3-BF4B-00C04F79EFBC}") = "ThaiIDCardServices", "ThaiIDCardServices.csproj", "{51CD2BDE-EA61-47D8-A0F3-95748420A03B}"
EndProject
Global
	GlobalSection(SolutionConfigurationPlatforms) = preSolution
		Debug|Any CPU = Debug|Any CPU
		Release|Any CPU = Release|Any CPU
	EndGlobalSection
	GlobalSection(ProjectConfigurationPlatforms) = postSolution
		{51CD2BDE-EA61-47D8-A0F3-95748420A03B}.Debug|Any CPU.ActiveCfg = Debug|Any CPU
		{51CD2BDE-EA61-47D8-A0F3-95748420A03B}.Debug|Any CPU.Build.0 = Debug|Any CPU
		{51CD2BDE-EA61-47D8-A0F3-95748420A03B}.Release|Any CPU.ActiveCfg = Release|Any CPU
		{51CD2BDE-EA61-47D8-A0F3-95748420A03B}.Release|Any CPU.Build.0 = Release|Any CPU
	EndGlobalSection
	GlobalSection(SolutionProperties) = preSolution
		HideSolutionNode = FALSE
	EndGlobalSection
	GlobalSection(ExtensibilityGlobals) = postSolution
		SolutionGuid = {BA3477A5-1A46-4E48-89E3-B3B7614755B9}
	EndGlobalSection
EndGlobal
